
Microsoft Visual Studio Solution File, Format Version 12.00
# Visual Studio 14
VisualStudioVersion = 14.0.24720.0
MinimumVisualStudioVersion = 10.0.40219.1
Project("{FAE04EC0-301F-11D3-BF4B-00C04F79EFBC}") = "KancolleVV", "KancolleVV\KancolleVV.csproj", "{73F45D80-A35C-447C-B555-B48F8E628631}"
EndProject
Project("{2150E333-8FDC-42A3-9474-1A3956D46DE8}") = "PublishScripts", "PublishScripts", "{E681E680-A110-4D87-8458-BE3255686F09}"
EndProject
Project("{2150E333-8FDC-42A3-9474-1A3956D46DE8}") = "Scripts", "Scripts", "{CF037592-1580-4FF6-95AA-901320E389F2}"
	ProjectSection(SolutionItems) = preProject
		PublishScripts\Scripts\Deploy-AzureResourceGroup.ps1 = PublishScripts\Scripts\Deploy-AzureResourceGroup.ps1
	EndProjectSection
EndProject
Project("{2150E333-8FDC-42A3-9474-1A3956D46DE8}") = "Templates", "Templates", "{02D2D3A3-6CEF-4FED-A4D6-D03237236329}"
	ProjectSection(SolutionItems) = preProject
		PublishScripts\Templates\KancolleVV.json = PublishScripts\Templates\KancolleVV.json
		PublishScripts\Templates\KancolleVV.param.dev.json = PublishScripts\Templates\KancolleVV.param.dev.json
	EndProjectSection
EndProject
Global
	GlobalSection(SolutionConfigurationPlatforms) = preSolution
		Debug|Any CPU = Debug|Any CPU
		Release|Any CPU = Release|Any CPU
	EndGlobalSection
	GlobalSection(ProjectConfigurationPlatforms) = postSolution
		{73F45D80-A35C-447C-B555-B48F8E628631}.Debug|Any CPU.ActiveCfg = Debug|Any CPU
		{73F45D80-A35C-447C-B555-B48F8E628631}.Debug|Any CPU.Build.0 = Debug|Any CPU
		{73F45D80-A35C-447C-B555-B48F8E628631}.Release|Any CPU.ActiveCfg = Release|Any CPU
		{73F45D80-A35C-447C-B555-B48F8E628631}.Release|Any CPU.Build.0 = Release|Any CPU
	EndGlobalSection
	GlobalSection(SolutionProperties) = preSolution
		HideSolutionNode = FALSE
	EndGlobalSection
	GlobalSection(NestedProjects) = preSolution
		{CF037592-1580-4FF6-95AA-901320E389F2} = {E681E680-A110-4D87-8458-BE3255686F09}
		{02D2D3A3-6CEF-4FED-A4D6-D03237236329} = {E681E680-A110-4D87-8458-BE3255686F09}
	EndGlobalSection
EndGlobal
