
Microsoft Visual Studio Solution File, Format Version 12.00
# Visual Studio 14
VisualStudioVersion = 14.0.25123.0
MinimumVisualStudioVersion = 10.0.40219.1
Project("{FAE04EC0-301F-11D3-BF4B-00C04F79EFBC}") = "KCVDB", "KCVDB\KCVDB.csproj", "{D6B55740-AD29-4BF7-ADD5-8F3349E3E95A}"
EndProject
Project("{2150E333-8FDC-42A3-9474-1A3956D46DE8}") = "Tests", "Tests", "{D39A13E6-8F34-47B5-9E91-C8CB342E5A79}"
EndProject
Project("{FAE04EC0-301F-11D3-BF4B-00C04F79EFBC}") = "KCVDB.UnitTests", "KCVDB.UnitTests\KCVDB.UnitTests.csproj", "{89AFF00B-F1DC-4373-A296-CBE83439A427}"
EndProject
Global
	GlobalSection(SolutionConfigurationPlatforms) = preSolution
		Debug|Any CPU = Debug|Any CPU
		Release|Any CPU = Release|Any CPU
	EndGlobalSection
	GlobalSection(ProjectConfigurationPlatforms) = postSolution
		{D6B55740-AD29-4BF7-ADD5-8F3349E3E95A}.Debug|Any CPU.ActiveCfg = Debug|Any CPU
		{D6B55740-AD29-4BF7-ADD5-8F3349E3E95A}.Debug|Any CPU.Build.0 = Debug|Any CPU
		{D6B55740-AD29-4BF7-ADD5-8F3349E3E95A}.Release|Any CPU.ActiveCfg = Release|Any CPU
		{D6B55740-AD29-4BF7-ADD5-8F3349E3E95A}.Release|Any CPU.Build.0 = Release|Any CPU
		{89AFF00B-F1DC-4373-A296-CBE83439A427}.Debug|Any CPU.ActiveCfg = Debug|Any CPU
		{89AFF00B-F1DC-4373-A296-CBE83439A427}.Debug|Any CPU.Build.0 = Debug|Any CPU
		{89AFF00B-F1DC-4373-A296-CBE83439A427}.Release|Any CPU.ActiveCfg = Release|Any CPU
		{89AFF00B-F1DC-4373-A296-CBE83439A427}.Release|Any CPU.Build.0 = Release|Any CPU
	EndGlobalSection
	GlobalSection(SolutionProperties) = preSolution
		HideSolutionNode = FALSE
	EndGlobalSection
	GlobalSection(NestedProjects) = preSolution
		{89AFF00B-F1DC-4373-A296-CBE83439A427} = {D39A13E6-8F34-47B5-9E91-C8CB342E5A79}
	EndGlobalSection
EndGlobal
